
Microsoft Visual Studio Solution File, Format Version 12.00
# Visual Studio Version 16
VisualStudioVersion = 16.0.29326.143
MinimumVisualStudioVersion = 10.0.40219.1
Project("{FAE04EC0-301F-11D3-BF4B-00C04F79EFBC}") = "HiddingProject", "HiddingProject\HiddingProject.csproj", "{0C010C65-DB4D-4697-ABE8-170E1A2DE843}"
EndProject
Global
	GlobalSection(SolutionConfigurationPlatforms) = preSolution
		Debug|Any CPU = Debug|Any CPU
		Release|Any CPU = Release|Any CPU
	EndGlobalSection
	GlobalSection(ProjectConfigurationPlatforms) = postSolution
		{0C010C65-DB4D-4697-ABE8-170E1A2DE843}.Debug|Any CPU.ActiveCfg = Debug|Any CPU
		{0C010C65-DB4D-4697-ABE8-170E1A2DE843}.Debug|Any CPU.Build.0 = Debug|Any CPU
		{0C010C65-DB4D-4697-ABE8-170E1A2DE843}.Release|Any CPU.ActiveCfg = Release|Any CPU
		{0C010C65-DB4D-4697-ABE8-170E1A2DE843}.Release|Any CPU.Build.0 = Release|Any CPU
	EndGlobalSection
	GlobalSection(SolutionProperties) = preSolution
		HideSolutionNode = FALSE
	EndGlobalSection
	GlobalSection(ExtensibilityGlobals) = postSolution
		SolutionGuid = {9DD763A7-8EEF-4BD2-B030-CC3C87C0985E}
	EndGlobalSection
EndGlobal
