
Microsoft Visual Studio Solution File, Format Version 12.00
# Visual Studio Version 16
VisualStudioVersion = 16.0.29326.143
MinimumVisualStudioVersion = 10.0.40219.1
Project("{FAE04EC0-301F-11D3-BF4B-00C04F79EFBC}") = "EventsProject", "EventsProject\EventsProject.csproj", "{AE54CDE0-3E0E-45FD-9D27-09704E4ADC22}"
EndProject
Global
	GlobalSection(SolutionConfigurationPlatforms) = preSolution
		Debug|Any CPU = Debug|Any CPU
		Release|Any CPU = Release|Any CPU
	EndGlobalSection
	GlobalSection(ProjectConfigurationPlatforms) = postSolution
		{AE54CDE0-3E0E-45FD-9D27-09704E4ADC22}.Debug|Any CPU.ActiveCfg = Debug|Any CPU
		{AE54CDE0-3E0E-45FD-9D27-09704E4ADC22}.Debug|Any CPU.Build.0 = Debug|Any CPU
		{AE54CDE0-3E0E-45FD-9D27-09704E4ADC22}.Release|Any CPU.ActiveCfg = Release|Any CPU
		{AE54CDE0-3E0E-45FD-9D27-09704E4ADC22}.Release|Any CPU.Build.0 = Release|Any CPU
	EndGlobalSection
	GlobalSection(SolutionProperties) = preSolution
		HideSolutionNode = FALSE
	EndGlobalSection
	GlobalSection(ExtensibilityGlobals) = postSolution
		SolutionGuid = {F4D493A9-9FE5-41DB-9996-51C708E1C5E0}
	EndGlobalSection
EndGlobal
