
Microsoft Visual Studio Solution File, Format Version 12.00
# Visual Studio Version 16
VisualStudioVersion = 16.0.29326.143
MinimumVisualStudioVersion = 10.0.40219.1
Project("{FAE04EC0-301F-11D3-BF4B-00C04F79EFBC}") = "Eventsproject3", "Eventsproject3\Eventsproject3.csproj", "{4CD4119D-4F58-4681-8D8B-F5528C92EE66}"
EndProject
Global
	GlobalSection(SolutionConfigurationPlatforms) = preSolution
		Debug|Any CPU = Debug|Any CPU
		Release|Any CPU = Release|Any CPU
	EndGlobalSection
	GlobalSection(ProjectConfigurationPlatforms) = postSolution
		{4CD4119D-4F58-4681-8D8B-F5528C92EE66}.Debug|Any CPU.ActiveCfg = Debug|Any CPU
		{4CD4119D-4F58-4681-8D8B-F5528C92EE66}.Debug|Any CPU.Build.0 = Debug|Any CPU
		{4CD4119D-4F58-4681-8D8B-F5528C92EE66}.Release|Any CPU.ActiveCfg = Release|Any CPU
		{4CD4119D-4F58-4681-8D8B-F5528C92EE66}.Release|Any CPU.Build.0 = Release|Any CPU
	EndGlobalSection
	GlobalSection(SolutionProperties) = preSolution
		HideSolutionNode = FALSE
	EndGlobalSection
	GlobalSection(ExtensibilityGlobals) = postSolution
		SolutionGuid = {78A6CD4E-DBB4-4885-A3D8-D21D17D286EA}
	EndGlobalSection
EndGlobal
