
Microsoft Visual Studio Solution File, Format Version 12.00
# Visual Studio Version 16
VisualStudioVersion = 16.0.29326.143
MinimumVisualStudioVersion = 10.0.40219.1
Project("{FAE04EC0-301F-11D3-BF4B-00C04F79EFBC}") = "ActionMethodsProject", "ActionMethodsProject\ActionMethodsProject.csproj", "{C526D984-3278-4E15-821B-55BA0F2D11E2}"
EndProject
Global
	GlobalSection(SolutionConfigurationPlatforms) = preSolution
		Debug|Any CPU = Debug|Any CPU
		Release|Any CPU = Release|Any CPU
	EndGlobalSection
	GlobalSection(ProjectConfigurationPlatforms) = postSolution
		{C526D984-3278-4E15-821B-55BA0F2D11E2}.Debug|Any CPU.ActiveCfg = Debug|Any CPU
		{C526D984-3278-4E15-821B-55BA0F2D11E2}.Debug|Any CPU.Build.0 = Debug|Any CPU
		{C526D984-3278-4E15-821B-55BA0F2D11E2}.Release|Any CPU.ActiveCfg = Release|Any CPU
		{C526D984-3278-4E15-821B-55BA0F2D11E2}.Release|Any CPU.Build.0 = Release|Any CPU
	EndGlobalSection
	GlobalSection(SolutionProperties) = preSolution
		HideSolutionNode = FALSE
	EndGlobalSection
	GlobalSection(ExtensibilityGlobals) = postSolution
		SolutionGuid = {333B8616-3189-4DA9-BD27-DA2B75F92464}
	EndGlobalSection
EndGlobal
